# THIS IS AN AUTOGENERATED FILE. DO NOT EDIT THIS FILE DIRECTLY.
# yarn lockfile v1


"@types/google-apps-script@^1.0.51":
  version "1.0.51"
  resolved "https://registry.yarnpkg.com/@types/google-apps-script/-/google-apps-script-1.0.51.tgz#bbaaedf688951c644cd18f6f3a1a08d539ee1c4c"
  integrity sha512-v4wg/PasZptA0Lt3TyZMlftA5cc7vP02ytDuuNghh5MCJNDIaYTjokbagi3uCvNKKmSZASjKjfrUQdpER9hACA==
